
Microsoft Visual Studio Solution File, Format Version 11.00
# Visual Studio 2010
Project("{8BC9CEB8-8B4A-11D0-8D11-00A0C91BC942}") = "LOGFONT_to_FontFile", "LOGFONT_to_FontFile.vcxproj", "{7375F22E-B48B-41AD-8656-A7DD98A7C5AE}"
EndProject
Global
	GlobalSection(SolutionConfigurationPlatforms) = preSolution
		Debug|Win32 = Debug|Win32
		Release|Win32 = Release|Win32
	EndGlobalSection
	GlobalSection(ProjectConfigurationPlatforms) = postSolution
		{7375F22E-B48B-41AD-8656-A7DD98A7C5AE}.Debug|Win32.ActiveCfg = Debug|Win32
		{7375F22E-B48B-41AD-8656-A7DD98A7C5AE}.Debug|Win32.Build.0 = Debug|Win32
		{7375F22E-B48B-41AD-8656-A7DD98A7C5AE}.Release|Win32.ActiveCfg = Release|Win32
		{7375F22E-B48B-41AD-8656-A7DD98A7C5AE}.Release|Win32.Build.0 = Release|Win32
	EndGlobalSection
	GlobalSection(SolutionProperties) = preSolution
		HideSolutionNode = FALSE
	EndGlobalSection
EndGlobal
